
Microsoft Visual Studio Solution File, Format Version 12.00
# Visual Studio 15
VisualStudioVersion = 15.0.28307.421
MinimumVisualStudioVersion = 10.0.40219.1
Project("{FAE04EC0-301F-11D3-BF4B-00C04F79EFBC}") = "Protótipos - Grupo 2", "Protótipos - Grupo 2\Protótipos - Grupo 2.csproj", "{FEBFBCA0-EC75-4990-B40D-AC6B09BC4552}"
EndProject
Global
	GlobalSection(SolutionConfigurationPlatforms) = preSolution
		Debug|Any CPU = Debug|Any CPU
		Release|Any CPU = Release|Any CPU
	EndGlobalSection
	GlobalSection(ProjectConfigurationPlatforms) = postSolution
		{FEBFBCA0-EC75-4990-B40D-AC6B09BC4552}.Debug|Any CPU.ActiveCfg = Debug|Any CPU
		{FEBFBCA0-EC75-4990-B40D-AC6B09BC4552}.Debug|Any CPU.Build.0 = Debug|Any CPU
		{FEBFBCA0-EC75-4990-B40D-AC6B09BC4552}.Release|Any CPU.ActiveCfg = Release|Any CPU
		{FEBFBCA0-EC75-4990-B40D-AC6B09BC4552}.Release|Any CPU.Build.0 = Release|Any CPU
	EndGlobalSection
	GlobalSection(SolutionProperties) = preSolution
		HideSolutionNode = FALSE
	EndGlobalSection
	GlobalSection(ExtensibilityGlobals) = postSolution
		SolutionGuid = {FF445D02-D210-4C7A-9A73-9D79472E2CE9}
	EndGlobalSection
EndGlobal
